// !$*UTF8*$!
{
	archiveVersion = 1;
	classes = {
	};
	objectVersion = 46;
	objects = {

/* Begin PBXBuildFile section */
		6003F58E195388D20070C39A /* Foundation.framework in Frameworks */ = {isa = PBXBuildFile; fileRef = 6003F58D195388D20070C39A /* Foundation.framework */; };
		6003F590195388D20070C39A /* CoreGraphics.framework in Frameworks */ = {isa = PBXBuildFile; fileRef = 6003F58F195388D20070C39A /* CoreGraphics.framework */; };
		6003F592195388D20070C39A /* UIKit.framework in Frameworks */ = {isa = PBXBuildFile; fileRef = 6003F591195388D20070C39A /* UIKit.framework */; };
		6003F598195388D20070C39A /* InfoPlist.strings in Resources */ = {isa = PBXBuildFile; fileRef = 6003F596195388D20070C39A /* InfoPlist.strings */; };
		6003F59A195388D20070C39A /* main.m in Sources */ = {isa = PBXBuildFile; fileRef = 6003F599195388D20070C39A /* main.m */; };
		6003F59E195388D20070C39A /* AZLAppDelegate.m in Sources */ = {isa = PBXBuildFile; fileRef = 6003F59D195388D20070C39A /* AZLAppDelegate.m */; };
		6003F5A7195388D20070C39A /* AZLViewController.m in Sources */ = {isa = PBXBuildFile; fileRef = 6003F5A6195388D20070C39A /* AZLViewController.m */; };
		6003F5A9195388D20070C39A /* Images.xcassets in Resources */ = {isa = PBXBuildFile; fileRef = 6003F5A8195388D20070C39A /* Images.xcassets */; };
		6003F5B0195388D20070C39A /* XCTest.framework in Frameworks */ = {isa = PBXBuildFile; fileRef = 6003F5AF195388D20070C39A /* XCTest.framework */; };
		6003F5B1195388D20070C39A /* Foundation.framework in Frameworks */ = {isa = PBXBuildFile; fileRef = 6003F58D195388D20070C39A /* Foundation.framework */; };
		6003F5B2195388D20070C39A /* UIKit.framework in Frameworks */ = {isa = PBXBuildFile; fileRef = 6003F591195388D20070C39A /* UIKit.framework */; };
		6003F5BA195388D20070C39A /* InfoPlist.strings in Resources */ = {isa = PBXBuildFile; fileRef = 6003F5B8195388D20070C39A /* InfoPlist.strings */; };
		6003F5BC195388D20070C39A /* Tests.m in Sources */ = {isa = PBXBuildFile; fileRef = 6003F5BB195388D20070C39A /* Tests.m */; };
		71719F9F1E33DC2100824A3D /* LaunchScreen.storyboard in Resources */ = {isa = PBXBuildFile; fileRef = 71719F9D1E33DC2100824A3D /* LaunchScreen.storyboard */; };
		71EF8B60D6FAEEBF14922F82 /* Pods_AZLExtend_Tests.framework in Frameworks */ = {isa = PBXBuildFile; fileRef = 8FAB976A70498DCEF1EF2007 /* Pods_AZLExtend_Tests.framework */; };
		74D133223A9743605ECE6226 /* Pods_AZLExtendExampleSwift.framework in Frameworks */ = {isa = PBXBuildFile; fileRef = B8A3120B015AF27A8C413E9A /* Pods_AZLExtendExampleSwift.framework */; };
		7ED5FD9B7B3168D6B5CA9E69 /* Pods_AZLExtend_Example.framework in Frameworks */ = {isa = PBXBuildFile; fileRef = 6454387CC0FBCCD804FED143 /* Pods_AZLExtend_Example.framework */; };
		873B8AEB1B1F5CCA007FD442 /* Main.storyboard in Resources */ = {isa = PBXBuildFile; fileRef = 873B8AEA1B1F5CCA007FD442 /* Main.storyboard */; };
		8C0953C22851F6BE00022E5E /* AZLStringTests.swift in Sources */ = {isa = PBXBuildFile; fileRef = 8C0953C12851F6BE00022E5E /* AZLStringTests.swift */; };
		8C0F58442852DDC9002D23AE /* AZLDataTests.swift in Sources */ = {isa = PBXBuildFile; fileRef = 8C0F58432852DDC9002D23AE /* AZLDataTests.swift */; };
		8C0F58462852DE54002D23AE /* AZLDoubleTests.swift in Sources */ = {isa = PBXBuildFile; fileRef = 8C0F58452852DE54002D23AE /* AZLDoubleTests.swift */; };
		8C0F58482852DF41002D23AE /* AZLIntTests.swift in Sources */ = {isa = PBXBuildFile; fileRef = 8C0F58472852DF41002D23AE /* AZLIntTests.swift */; };
		8C0F584A2852E065002D23AE /* AZLRawPointerTests.swift in Sources */ = {isa = PBXBuildFile; fileRef = 8C0F58492852E065002D23AE /* AZLRawPointerTests.swift */; };
		8C0F584C2852E992002D23AE /* AZLNSObjectTests.swift in Sources */ = {isa = PBXBuildFile; fileRef = 8C0F584B2852E992002D23AE /* AZLNSObjectTests.swift */; };
		8C0F58512852F89A002D23AE /* MyTestObject.swift in Sources */ = {isa = PBXBuildFile; fileRef = 8C0F584D2852F4C7002D23AE /* MyTestObject.swift */; };
		8C0F585328531B5A002D23AE /* AZLUIColorTests.swift in Sources */ = {isa = PBXBuildFile; fileRef = 8C0F585228531B5A002D23AE /* AZLUIColorTests.swift */; };
		8C10AA8F26DF29E800B78443 /* TestResponderViewController.swift in Sources */ = {isa = PBXBuildFile; fileRef = 8C10AA8E26DF29E800B78443 /* TestResponderViewController.swift */; };
		8C2F3C8326A5629600612B29 /* AppDelegate.swift in Sources */ = {isa = PBXBuildFile; fileRef = 8C2F3C8226A5629600612B29 /* AppDelegate.swift */; };
		8C2F3C8526A5629600612B29 /* SceneDelegate.swift in Sources */ = {isa = PBXBuildFile; fileRef = 8C2F3C8426A5629600612B29 /* SceneDelegate.swift */; };
		8C2F3C8726A5629600612B29 /* ViewController.swift in Sources */ = {isa = PBXBuildFile; fileRef = 8C2F3C8626A5629600612B29 /* ViewController.swift */; };
		8C2F3C8A26A5629600612B29 /* Main.storyboard in Resources */ = {isa = PBXBuildFile; fileRef = 8C2F3C8826A5629600612B29 /* Main.storyboard */; };
		8C2F3C8F26A5629900612B29 /* LaunchScreen.storyboard in Resources */ = {isa = PBXBuildFile; fileRef = 8C2F3C8D26A5629900612B29 /* LaunchScreen.storyboard */; };
		8C9219DC26DDE01900D50EB4 /* Images.xcassets in Resources */ = {isa = PBXBuildFile; fileRef = 6003F5A8195388D20070C39A /* Images.xcassets */; };
		8CE853EF2859B385004811E6 /* AZLCodableTests.swift in Sources */ = {isa = PBXBuildFile; fileRef = 8CE853EE2859B384004811E6 /* AZLCodableTests.swift */; };
		8CF10D5B26DE122100154C76 /* Accelerate.framework in Frameworks */ = {isa = PBXBuildFile; fileRef = 8CF10D5A26DE122000154C76 /* Accelerate.framework */; };
		8CF10D5C26DE122A00154C76 /* Accelerate.framework in Frameworks */ = {isa = PBXBuildFile; fileRef = 8CF10D5A26DE122000154C76 /* Accelerate.framework */; };
		E72496E43A0C24620807F7D1 /* Pods_AZLExtendExampleSwiftTests.framework in Frameworks */ = {isa = PBXBuildFile; fileRef = B18B747D3EBBB695887F9B3C /* Pods_AZLExtendExampleSwiftTests.framework */; };
/* End PBXBuildFile section */

/* Begin PBXContainerItemProxy section */
		6003F5B3195388D20070C39A /* PBXContainerItemProxy */ = {
			isa = PBXContainerItemProxy;
			containerPortal = 6003F582195388D10070C39A /* Project object */;
			proxyType = 1;
			remoteGlobalIDString = 6003F589195388D20070C39A;
			remoteInfo = AZLExtend;
		};
		8C0953BC2851F69300022E5E /* PBXContainerItemProxy */ = {
			isa = PBXContainerItemProxy;
			containerPortal = 6003F582195388D10070C39A /* Project object */;
			proxyType = 1;
			remoteGlobalIDString = 8C2F3C7F26A5629600612B29;
			remoteInfo = AZLExtendExampleSwift;
		};
/* End PBXContainerItemProxy section */

/* Begin PBXFileReference section */
		03C6FB3D0C44335932594F43 /* Pods-AZLExtendExampleSwift.debug.xcconfig */ = {isa = PBXFileReference; includeInIndex = 1; lastKnownFileType = text.xcconfig; name = "Pods-AZLExtendExampleSwift.debug.xcconfig"; path = "Target Support Files/Pods-AZLExtendExampleSwift/Pods-AZLExtendExampleSwift.debug.xcconfig"; sourceTree = "<group>"; };
		19566ADD49A447AE00B214AF /* README.md */ = {isa = PBXFileReference; includeInIndex = 1; lastKnownFileType = net.daringfireball.markdown; name = README.md; path = ../README.md; sourceTree = "<group>"; };
		1EB8AF63216FE015926F591B /* Pods-AZLExtendExampleSwift.release.xcconfig */ = {isa = PBXFileReference; includeInIndex = 1; lastKnownFileType = text.xcconfig; name = "Pods-AZLExtendExampleSwift.release.xcconfig"; path = "Target Support Files/Pods-AZLExtendExampleSwift/Pods-AZLExtendExampleSwift.release.xcconfig"; sourceTree = "<group>"; };
		468626CBF7ADE215DFD19FF0 /* AZLExtend.podspec */ = {isa = PBXFileReference; includeInIndex = 1; lastKnownFileType = text; name = AZLExtend.podspec; path = ../AZLExtend.podspec; sourceTree = "<group>"; xcLanguageSpecificationIdentifier = xcode.lang.ruby; };
		6003F58A195388D20070C39A /* AZLExtend_Example.app */ = {isa = PBXFileReference; explicitFileType = wrapper.application; includeInIndex = 0; path = AZLExtend_Example.app; sourceTree = BUILT_PRODUCTS_DIR; };
		6003F58D195388D20070C39A /* Foundation.framework */ = {isa = PBXFileReference; lastKnownFileType = wrapper.framework; name = Foundation.framework; path = System/Library/Frameworks/Foundation.framework; sourceTree = SDKROOT; };
		6003F58F195388D20070C39A /* CoreGraphics.framework */ = {isa = PBXFileReference; lastKnownFileType = wrapper.framework; name = CoreGraphics.framework; path = System/Library/Frameworks/CoreGraphics.framework; sourceTree = SDKROOT; };
		6003F591195388D20070C39A /* UIKit.framework */ = {isa = PBXFileReference; lastKnownFileType = wrapper.framework; name = UIKit.framework; path = System/Library/Frameworks/UIKit.framework; sourceTree = SDKROOT; };
		6003F595195388D20070C39A /* AZLExtend-Info.plist */ = {isa = PBXFileReference; lastKnownFileType = text.plist.xml; path = "AZLExtend-Info.plist"; sourceTree = "<group>"; };
		6003F597195388D20070C39A /* en */ = {isa = PBXFileReference; lastKnownFileType = text.plist.strings; name = en; path = en.lproj/InfoPlist.strings; sourceTree = "<group>"; };
		6003F599195388D20070C39A /* main.m */ = {isa = PBXFileReference; lastKnownFileType = sourcecode.c.objc; path = main.m; sourceTree = "<group>"; };
		6003F59B195388D20070C39A /* AZLExtend-Prefix.pch */ = {isa = PBXFileReference; lastKnownFileType = sourcecode.c.h; path = "AZLExtend-Prefix.pch"; sourceTree = "<group>"; };
		6003F59C195388D20070C39A /* AZLAppDelegate.h */ = {isa = PBXFileReference; lastKnownFileType = sourcecode.c.h; path = AZLAppDelegate.h; sourceTree = "<group>"; };
		6003F59D195388D20070C39A /* AZLAppDelegate.m */ = {isa = PBXFileReference; lastKnownFileType = sourcecode.c.objc; path = AZLAppDelegate.m; sourceTree = "<group>"; };
		6003F5A5195388D20070C39A /* AZLViewController.h */ = {isa = PBXFileReference; lastKnownFileType = sourcecode.c.h; path = AZLViewController.h; sourceTree = "<group>"; };
		6003F5A6195388D20070C39A /* AZLViewController.m */ = {isa = PBXFileReference; lastKnownFileType = sourcecode.c.objc; path = AZLViewController.m; sourceTree = "<group>"; };
		6003F5A8195388D20070C39A /* Images.xcassets */ = {isa = PBXFileReference; lastKnownFileType = folder.assetcatalog; path = Images.xcassets; sourceTree = "<group>"; };
		6003F5AE195388D20070C39A /* AZLExtend_Tests.xctest */ = {isa = PBXFileReference; explicitFileType = wrapper.cfbundle; includeInIndex = 0; path = AZLExtend_Tests.xctest; sourceTree = BUILT_PRODUCTS_DIR; };
		6003F5AF195388D20070C39A /* XCTest.framework */ = {isa = PBXFileReference; lastKnownFileType = wrapper.framework; name = XCTest.framework; path = Library/Frameworks/XCTest.framework; sourceTree = DEVELOPER_DIR; };
		6003F5B7195388D20070C39A /* Tests-Info.plist */ = {isa = PBXFileReference; lastKnownFileType = text.plist.xml; path = "Tests-Info.plist"; sourceTree = "<group>"; };
		6003F5B9195388D20070C39A /* en */ = {isa = PBXFileReference; lastKnownFileType = text.plist.strings; name = en; path = en.lproj/InfoPlist.strings; sourceTree = "<group>"; };
		6003F5BB195388D20070C39A /* Tests.m */ = {isa = PBXFileReference; lastKnownFileType = sourcecode.c.objc; path = Tests.m; sourceTree = "<group>"; };
		606FC2411953D9B200FFA9A0 /* Tests-Prefix.pch */ = {isa = PBXFileReference; lastKnownFileType = sourcecode.c.h; path = "Tests-Prefix.pch"; sourceTree = "<group>"; };
		6454387CC0FBCCD804FED143 /* Pods_AZLExtend_Example.framework */ = {isa = PBXFileReference; explicitFileType = wrapper.framework; includeInIndex = 0; path = Pods_AZLExtend_Example.framework; sourceTree = BUILT_PRODUCTS_DIR; };
		71719F9E1E33DC2100824A3D /* Base */ = {isa = PBXFileReference; lastKnownFileType = file.storyboard; name = Base; path = Base.lproj/LaunchScreen.storyboard; sourceTree = "<group>"; };
		725016BC731A33C202E910FE /* Pods-AZLExtendExampleSwiftTests.debug.xcconfig */ = {isa = PBXFileReference; includeInIndex = 1; lastKnownFileType = text.xcconfig; name = "Pods-AZLExtendExampleSwiftTests.debug.xcconfig"; path = "Target Support Files/Pods-AZLExtendExampleSwiftTests/Pods-AZLExtendExampleSwiftTests.debug.xcconfig"; sourceTree = "<group>"; };
		873B8AEA1B1F5CCA007FD442 /* Main.storyboard */ = {isa = PBXFileReference; fileEncoding = 4; lastKnownFileType = file.storyboard; name = Main.storyboard; path = Base.lproj/Main.storyboard; sourceTree = "<group>"; };
		8B0567C7A9BC2BC14C2E1DF8 /* Pods-AZLExtend_Example.release.xcconfig */ = {isa = PBXFileReference; includeInIndex = 1; lastKnownFileType = text.xcconfig; name = "Pods-AZLExtend_Example.release.xcconfig"; path = "Target Support Files/Pods-AZLExtend_Example/Pods-AZLExtend_Example.release.xcconfig"; sourceTree = "<group>"; };
		8C0953B82851F69200022E5E /* AZLExtendExampleSwiftTests.xctest */ = {isa = PBXFileReference; explicitFileType = wrapper.cfbundle; includeInIndex = 0; path = AZLExtendExampleSwiftTests.xctest; sourceTree = BUILT_PRODUCTS_DIR; };
		8C0953C12851F6BE00022E5E /* AZLStringTests.swift */ = {isa = PBXFileReference; lastKnownFileType = sourcecode.swift; path = AZLStringTests.swift; sourceTree = "<group>"; };
		8C0F58432852DDC9002D23AE /* AZLDataTests.swift */ = {isa = PBXFileReference; lastKnownFileType = sourcecode.swift; path = AZLDataTests.swift; sourceTree = "<group>"; };
		8C0F58452852DE54002D23AE /* AZLDoubleTests.swift */ = {isa = PBXFileReference; lastKnownFileType = sourcecode.swift; path = AZLDoubleTests.swift; sourceTree = "<group>"; };
		8C0F58472852DF41002D23AE /* AZLIntTests.swift */ = {isa = PBXFileReference; lastKnownFileType = sourcecode.swift; path = AZLIntTests.swift; sourceTree = "<group>"; };
		8C0F58492852E065002D23AE /* AZLRawPointerTests.swift */ = {isa = PBXFileReference; lastKnownFileType = sourcecode.swift; path = AZLRawPointerTests.swift; sourceTree = "<group>"; };
		8C0F584B2852E992002D23AE /* AZLNSObjectTests.swift */ = {isa = PBXFileReference; lastKnownFileType = sourcecode.swift; path = AZLNSObjectTests.swift; sourceTree = "<group>"; };
		8C0F584D2852F4C7002D23AE /* MyTestObject.swift */ = {isa = PBXFileReference; lastKnownFileType = sourcecode.swift; path = MyTestObject.swift; sourceTree = "<group>"; };
		8C0F585228531B5A002D23AE /* AZLUIColorTests.swift */ = {isa = PBXFileReference; lastKnownFileType = sourcecode.swift; path = AZLUIColorTests.swift; sourceTree = "<group>"; };
		8C10AA8E26DF29E800B78443 /* TestResponderViewController.swift */ = {isa = PBXFileReference; lastKnownFileType = sourcecode.swift; path = TestResponderViewController.swift; sourceTree = "<group>"; };
		8C2F3C8026A5629600612B29 /* AZLExtendExampleSwift.app */ = {isa = PBXFileReference; explicitFileType = wrapper.application; includeInIndex = 0; path = AZLExtendExampleSwift.app; sourceTree = BUILT_PRODUCTS_DIR; };
		8C2F3C8226A5629600612B29 /* AppDelegate.swift */ = {isa = PBXFileReference; lastKnownFileType = sourcecode.swift; path = AppDelegate.swift; sourceTree = "<group>"; };
		8C2F3C8426A5629600612B29 /* SceneDelegate.swift */ = {isa = PBXFileReference; lastKnownFileType = sourcecode.swift; path = SceneDelegate.swift; sourceTree = "<group>"; };
		8C2F3C8626A5629600612B29 /* ViewController.swift */ = {isa = PBXFileReference; lastKnownFileType = sourcecode.swift; path = ViewController.swift; sourceTree = "<group>"; };
		8C2F3C8926A5629600612B29 /* Base */ = {isa = PBXFileReference; lastKnownFileType = file.storyboard; name = Base; path = Base.lproj/Main.storyboard; sourceTree = "<group>"; };
		8C2F3C8B26A5629900612B29 /* Assets.xcassets */ = {isa = PBXFileReference; lastKnownFileType = folder.assetcatalog; path = Assets.xcassets; sourceTree = "<group>"; };
		8C2F3C8E26A5629900612B29 /* Base */ = {isa = PBXFileReference; lastKnownFileType = file.storyboard; name = Base; path = Base.lproj/LaunchScreen.storyboard; sourceTree = "<group>"; };
		8C2F3C9026A5629900612B29 /* Info.plist */ = {isa = PBXFileReference; lastKnownFileType = text.plist.xml; path = Info.plist; sourceTree = "<group>"; };
		8C2F3C9F26A5633D00612B29 /* AZLExtendSwift.podspec */ = {isa = PBXFileReference; lastKnownFileType = text; name = AZLExtendSwift.podspec; path = ../AZLExtendSwift.podspec; sourceTree = "<group>"; xcLanguageSpecificationIdentifier = xcode.lang.ruby; };
		8CE853EE2859B384004811E6 /* AZLCodableTests.swift */ = {isa = PBXFileReference; lastKnownFileType = sourcecode.swift; path = AZLCodableTests.swift; sourceTree = "<group>"; };
		8CF10D5A26DE122000154C76 /* Accelerate.framework */ = {isa = PBXFileReference; lastKnownFileType = wrapper.framework; name = Accelerate.framework; path = System/Library/Frameworks/Accelerate.framework; sourceTree = SDKROOT; };
		8DD66B5A4D6E125E860EC9A6 /* Pods-AZLExtend_Tests.release.xcconfig */ = {isa = PBXFileReference; includeInIndex = 1; lastKnownFileType = text.xcconfig; name = "Pods-AZLExtend_Tests.release.xcconfig"; path = "Target Support Files/Pods-AZLExtend_Tests/Pods-AZLExtend_Tests.release.xcconfig"; sourceTree = "<group>"; };
		8FAB976A70498DCEF1EF2007 /* Pods_AZLExtend_Tests.framework */ = {isa = PBXFileReference; explicitFileType = wrapper.framework; includeInIndex = 0; path = Pods_AZLExtend_Tests.framework; sourceTree = BUILT_PRODUCTS_DIR; };
		B18B747D3EBBB695887F9B3C /* Pods_AZLExtendExampleSwiftTests.framework */ = {isa = PBXFileReference; explicitFileType = wrapper.framework; includeInIndex = 0; path = Pods_AZLExtendExampleSwiftTests.framework; sourceTree = BUILT_PRODUCTS_DIR; };
		B8A3120B015AF27A8C413E9A /* Pods_AZLExtendExampleSwift.framework */ = {isa = PBXFileReference; explicitFileType = wrapper.framework; includeInIndex = 0; path = Pods_AZLExtendExampleSwift.framework; sourceTree = BUILT_PRODUCTS_DIR; };
		BF0794C71EBC072C4E00E7E3 /* Pods-AZLExtend_Example.debug.xcconfig */ = {isa = PBXFileReference; includeInIndex = 1; lastKnownFileType = text.xcconfig; name = "Pods-AZLExtend_Example.debug.xcconfig"; path = "Target Support Files/Pods-AZLExtend_Example/Pods-AZLExtend_Example.debug.xcconfig"; sourceTree = "<group>"; };
		E6ED2FE8FDF92360797331D3 /* Pods-AZLExtend_Tests.debug.xcconfig */ = {isa = PBXFileReference; includeInIndex = 1; lastKnownFileType = text.xcconfig; name = "Pods-AZLExtend_Tests.debug.xcconfig"; path = "Target Support Files/Pods-AZLExtend_Tests/Pods-AZLExtend_Tests.debug.xcconfig"; sourceTree = "<group>"; };
		F1E67308B2989E4E5A66E98C /* Pods-AZLExtendExampleSwiftTests.release.xcconfig */ = {isa = PBXFileReference; includeInIndex = 1; lastKnownFileType = text.xcconfig; name = "Pods-AZLExtendExampleSwiftTests.release.xcconfig"; path = "Target Support Files/Pods-AZLExtendExampleSwiftTests/Pods-AZLExtendExampleSwiftTests.release.xcconfig"; sourceTree = "<group>"; };
		FA3DF662B6B10979458A37D6 /* LICENSE */ = {isa = PBXFileReference; includeInIndex = 1; lastKnownFileType = text; name = LICENSE; path = ../LICENSE; sourceTree = "<group>"; };
/* End PBXFileReference section */

/* Begin PBXFrameworksBuildPhase section */
		6003F587195388D20070C39A /* Frameworks */ = {
			isa = PBXFrameworksBuildPhase;
			buildActionMask = 2147483647;
			files = (
				8CF10D5C26DE122A00154C76 /* Accelerate.framework in Frameworks */,
				6003F590195388D20070C39A /* CoreGraphics.framework in Frameworks */,
				6003F592195388D20070C39A /* UIKit.framework in Frameworks */,
				6003F58E195388D20070C39A /* Foundation.framework in Frameworks */,
				7ED5FD9B7B3168D6B5CA9E69 /* Pods_AZLExtend_Example.framework in Frameworks */,
			);
			runOnlyForDeploymentPostprocessing = 0;
		};
		6003F5AB195388D20070C39A /* Frameworks */ = {
			isa = PBXFrameworksBuildPhase;
			buildActionMask = 2147483647;
			files = (
				6003F5B0195388D20070C39A /* XCTest.framework in Frameworks */,
				6003F5B2195388D20070C39A /* UIKit.framework in Frameworks */,
				6003F5B1195388D20070C39A /* Foundation.framework in Frameworks */,
				71EF8B60D6FAEEBF14922F82 /* Pods_AZLExtend_Tests.framework in Frameworks */,
			);
			runOnlyForDeploymentPostprocessing = 0;
		};
		8C0953B52851F69200022E5E /* Frameworks */ = {
			isa = PBXFrameworksBuildPhase;
			buildActionMask = 2147483647;
			files = (
				E72496E43A0C24620807F7D1 /* Pods_AZLExtendExampleSwiftTests.framework in Frameworks */,
			);
			runOnlyForDeploymentPostprocessing = 0;
		};
		8C2F3C7D26A5629600612B29 /* Frameworks */ = {
			isa = PBXFrameworksBuildPhase;
			buildActionMask = 2147483647;
			files = (
				8CF10D5B26DE122100154C76 /* Accelerate.framework in Frameworks */,
				74D133223A9743605ECE6226 /* Pods_AZLExtendExampleSwift.framework in Frameworks */,
			);
			runOnlyForDeploymentPostprocessing = 0;
		};
/* End PBXFrameworksBuildPhase section */

/* Begin PBXGroup section */
		37EA33ACE38738CAC7974CFE /* Pods */ = {
			isa = PBXGroup;
			children = (
				BF0794C71EBC072C4E00E7E3 /* Pods-AZLExtend_Example.debug.xcconfig */,
				8B0567C7A9BC2BC14C2E1DF8 /* Pods-AZLExtend_Example.release.xcconfig */,
				E6ED2FE8FDF92360797331D3 /* Pods-AZLExtend_Tests.debug.xcconfig */,
				8DD66B5A4D6E125E860EC9A6 /* Pods-AZLExtend_Tests.release.xcconfig */,
				03C6FB3D0C44335932594F43 /* Pods-AZLExtendExampleSwift.debug.xcconfig */,
				1EB8AF63216FE015926F591B /* Pods-AZLExtendExampleSwift.release.xcconfig */,
				725016BC731A33C202E910FE /* Pods-AZLExtendExampleSwiftTests.debug.xcconfig */,
				F1E67308B2989E4E5A66E98C /* Pods-AZLExtendExampleSwiftTests.release.xcconfig */,
			);
			path = Pods;
			sourceTree = "<group>";
		};
		6003F581195388D10070C39A = {
			isa = PBXGroup;
			children = (
				60FF7A9C1954A5C5007DD14C /* Podspec Metadata */,
				6003F593195388D20070C39A /* Example for AZLExtend */,
				6003F5B5195388D20070C39A /* Tests */,
				8C2F3C8126A5629600612B29 /* AZLExtendExampleSwift */,
				8C0953B92851F69300022E5E /* AZLExtendExampleSwiftTests */,
				6003F58C195388D20070C39A /* Frameworks */,
				6003F58B195388D20070C39A /* Products */,
				37EA33ACE38738CAC7974CFE /* Pods */,
			);
			sourceTree = "<group>";
		};
		6003F58B195388D20070C39A /* Products */ = {
			isa = PBXGroup;
			children = (
				6003F58A195388D20070C39A /* AZLExtend_Example.app */,
				6003F5AE195388D20070C39A /* AZLExtend_Tests.xctest */,
				8C2F3C8026A5629600612B29 /* AZLExtendExampleSwift.app */,
				8C0953B82851F69200022E5E /* AZLExtendExampleSwiftTests.xctest */,
			);
			name = Products;
			sourceTree = "<group>";
		};
		6003F58C195388D20070C39A /* Frameworks */ = {
			isa = PBXGroup;
			children = (
				8CF10D5A26DE122000154C76 /* Accelerate.framework */,
				6003F58D195388D20070C39A /* Foundation.framework */,
				6003F58F195388D20070C39A /* CoreGraphics.framework */,
				6003F591195388D20070C39A /* UIKit.framework */,
				6003F5AF195388D20070C39A /* XCTest.framework */,
				6454387CC0FBCCD804FED143 /* Pods_AZLExtend_Example.framework */,
				8FAB976A70498DCEF1EF2007 /* Pods_AZLExtend_Tests.framework */,
				B8A3120B015AF27A8C413E9A /* Pods_AZLExtendExampleSwift.framework */,
				B18B747D3EBBB695887F9B3C /* Pods_AZLExtendExampleSwiftTests.framework */,
			);
			name = Frameworks;
			sourceTree = "<group>";
		};
		6003F593195388D20070C39A /* Example for AZLExtend */ = {
			isa = PBXGroup;
			children = (
				6003F59C195388D20070C39A /* AZLAppDelegate.h */,
				6003F59D195388D20070C39A /* AZLAppDelegate.m */,
				873B8AEA1B1F5CCA007FD442 /* Main.storyboard */,
				6003F5A5195388D20070C39A /* AZLViewController.h */,
				6003F5A6195388D20070C39A /* AZLViewController.m */,
				71719F9D1E33DC2100824A3D /* LaunchScreen.storyboard */,
				6003F5A8195388D20070C39A /* Images.xcassets */,
				6003F594195388D20070C39A /* Supporting Files */,
			);
			name = "Example for AZLExtend";
			path = AZLExtend;
			sourceTree = "<group>";
		};
		6003F594195388D20070C39A /* Supporting Files */ = {
			isa = PBXGroup;
			children = (
				6003F595195388D20070C39A /* AZLExtend-Info.plist */,
				6003F596195388D20070C39A /* InfoPlist.strings */,
				6003F599195388D20070C39A /* main.m */,
				6003F59B195388D20070C39A /* AZLExtend-Prefix.pch */,
			);
			name = "Supporting Files";
			sourceTree = "<group>";
		};
		6003F5B5195388D20070C39A /* Tests */ = {
			isa = PBXGroup;
			children = (
				6003F5BB195388D20070C39A /* Tests.m */,
				6003F5B6195388D20070C39A /* Supporting Files */,
			);
			path = Tests;
			sourceTree = "<group>";
		};
		6003F5B6195388D20070C39A /* Supporting Files */ = {
			isa = PBXGroup;
			children = (
				6003F5B7195388D20070C39A /* Tests-Info.plist */,
				6003F5B8195388D20070C39A /* InfoPlist.strings */,
				606FC2411953D9B200FFA9A0 /* Tests-Prefix.pch */,
			);
			name = "Supporting Files";
			sourceTree = "<group>";
		};
		60FF7A9C1954A5C5007DD14C /* Podspec Metadata */ = {
			isa = PBXGroup;
			children = (
				468626CBF7ADE215DFD19FF0 /* AZLExtend.podspec */,
				8C2F3C9F26A5633D00612B29 /* AZLExtendSwift.podspec */,
				19566ADD49A447AE00B214AF /* README.md */,
				FA3DF662B6B10979458A37D6 /* LICENSE */,
			);
			name = "Podspec Metadata";
			sourceTree = "<group>";
		};
		8C0953B92851F69300022E5E /* AZLExtendExampleSwiftTests */ = {
			isa = PBXGroup;
			children = (
				8C0F584D2852F4C7002D23AE /* MyTestObject.swift */,
				8C0953C12851F6BE00022E5E /* AZLStringTests.swift */,
				8C0F58432852DDC9002D23AE /* AZLDataTests.swift */,
				8C0F58452852DE54002D23AE /* AZLDoubleTests.swift */,
				8C0F58472852DF41002D23AE /* AZLIntTests.swift */,
				8C0F58492852E065002D23AE /* AZLRawPointerTests.swift */,
				8C0F584B2852E992002D23AE /* AZLNSObjectTests.swift */,
				8C0F585228531B5A002D23AE /* AZLUIColorTests.swift */,
				8CE853EE2859B384004811E6 /* AZLCodableTests.swift */,
			);
			path = AZLExtendExampleSwiftTests;
			sourceTree = "<group>";
		};
		8C2F3C8126A5629600612B29 /* AZLExtendExampleSwift */ = {
			isa = PBXGroup;
			children = (
				8C2F3C8226A5629600612B29 /* AppDelegate.swift */,
				8C2F3C8426A5629600612B29 /* SceneDelegate.swift */,
				8C2F3C8626A5629600612B29 /* ViewController.swift */,
				8C10AA8E26DF29E800B78443 /* TestResponderViewController.swift */,
				8C2F3C8826A5629600612B29 /* Main.storyboard */,
				8C2F3C8B26A5629900612B29 /* Assets.xcassets */,
				8C2F3C8D26A5629900612B29 /* LaunchScreen.storyboard */,
				8C2F3C9026A5629900612B29 /* Info.plist */,
			);
			path = AZLExtendExampleSwift;
			sourceTree = "<group>";
		};
/* End PBXGroup section */

/* Begin PBXNativeTarget section */
		6003F589195388D20070C39A /* AZLExtend_Example */ = {
			isa = PBXNativeTarget;
			buildConfigurationList = 6003F5BF195388D20070C39A /* Build configuration list for PBXNativeTarget "AZLExtend_Example" */;
			buildPhases = (
				CED0DF008199F3028B740B5D /* [CP] Check Pods Manifest.lock */,
				6003F586195388D20070C39A /* Sources */,
				6003F587195388D20070C39A /* Frameworks */,
				6003F588195388D20070C39A /* Resources */,
				E3C9138D558031F1F877C874 /* [CP] Embed Pods Frameworks */,
			);
			buildRules = (
			);
			dependencies = (
			);
			name = AZLExtend_Example;
			productName = AZLExtend;
			productReference = 6003F58A195388D20070C39A /* AZLExtend_Example.app */;
			productType = "com.apple.product-type.application";
		};
		6003F5AD195388D20070C39A /* AZLExtend_Tests */ = {
			isa = PBXNativeTarget;
			buildConfigurationList = 6003F5C2195388D20070C39A /* Build configuration list for PBXNativeTarget "AZLExtend_Tests" */;
			buildPhases = (
				3CBB4376D80A1F82B48D76AB /* [CP] Check Pods Manifest.lock */,
				6003F5AA195388D20070C39A /* Sources */,
				6003F5AB195388D20070C39A /* Frameworks */,
				6003F5AC195388D20070C39A /* Resources */,
			);
			buildRules = (
			);
			dependencies = (
				6003F5B4195388D20070C39A /* PBXTargetDependency */,
			);
			name = AZLExtend_Tests;
			productName = AZLExtendTests;
			productReference = 6003F5AE195388D20070C39A /* AZLExtend_Tests.xctest */;
			productType = "com.apple.product-type.bundle.unit-test";
		};
		8C0953B72851F69200022E5E /* AZLExtendExampleSwiftTests */ = {
			isa = PBXNativeTarget;
			buildConfigurationList = 8C0953C02851F69300022E5E /* Build configuration list for PBXNativeTarget "AZLExtendExampleSwiftTests" */;
			buildPhases = (
				7E6956E1380F72C7F38C4FB5 /* [CP] Check Pods Manifest.lock */,
				8C0953B42851F69200022E5E /* Sources */,
				8C0953B52851F69200022E5E /* Frameworks */,
				8C0953B62851F69200022E5E /* Resources */,
			);
			buildRules = (
			);
			dependencies = (
				8C0953BD2851F69300022E5E /* PBXTargetDependency */,
			);
			name = AZLExtendExampleSwiftTests;
			productName = AZLExtendExampleSwiftTests;
			productReference = 8C0953B82851F69200022E5E /* AZLExtendExampleSwiftTests.xctest */;
			productType = "com.apple.product-type.bundle.unit-test";
		};
		8C2F3C7F26A5629600612B29 /* AZLExtendExampleSwift */ = {
			isa = PBXNativeTarget;
			buildConfigurationList = 8C2F3C9326A5629900612B29 /* Build configuration list for PBXNativeTarget "AZLExtendExampleSwift" */;
			buildPhases = (
				341001A60CB8C139F1A81F92 /* [CP] Check Pods Manifest.lock */,
				8C2F3C7C26A5629600612B29 /* Sources */,
				8C2F3C7D26A5629600612B29 /* Frameworks */,
				8C2F3C7E26A5629600612B29 /* Resources */,
				64AF8A9C981E9D9A9FA35422 /* [CP] Embed Pods Frameworks */,
			);
			buildRules = (
			);
			dependencies = (
			);
			name = AZLExtendExampleSwift;
			productName = AZLExtendExampleSwift;
			productReference = 8C2F3C8026A5629600612B29 /* AZLExtendExampleSwift.app */;
			productType = "com.apple.product-type.application";
		};
/* End PBXNativeTarget section */

/* Begin PBXProject section */
		6003F582195388D10070C39A /* Project object */ = {
			isa = PBXProject;
			attributes = {
				CLASSPREFIX = AZL;
				LastSwiftUpdateCheck = 1320;
				LastUpgradeCheck = 0720;
				ORGANIZATIONNAME = azusalee;
				TargetAttributes = {
					6003F5AD195388D20070C39A = {
						TestTargetID = 6003F589195388D20070C39A;
					};
					8C0953B72851F69200022E5E = {
						CreatedOnToolsVersion = 13.2.1;
						DevelopmentTeam = 9N64Q9SP7U;
						ProvisioningStyle = Automatic;
						TestTargetID = 8C2F3C7F26A5629600612B29;
					};
					8C2F3C7F26A5629600612B29 = {
						CreatedOnToolsVersion = 12.0;
						DevelopmentTeam = 9N64Q9SP7U;
						ProvisioningStyle = Automatic;
					};
				};
			};
			buildConfigurationList = 6003F585195388D10070C39A /* Build configuration list for PBXProject "AZLExtend" */;
			compatibilityVersion = "Xcode 3.2";
			developmentRegion = English;
			hasScannedForEncodings = 0;
			knownRegions = (
				English,
				en,
				Base,
			);
			mainGroup = 6003F581195388D10070C39A;
			productRefGroup = 6003F58B195388D20070C39A /* Products */;
			projectDirPath = "";
			projectRoot = "";
			targets = (
				6003F589195388D20070C39A /* AZLExtend_Example */,
				6003F5AD195388D20070C39A /* AZLExtend_Tests */,
				8C2F3C7F26A5629600612B29 /* AZLExtendExampleSwift */,
				8C0953B72851F69200022E5E /* AZLExtendExampleSwiftTests */,
			);
		};
/* End PBXProject section */

/* Begin PBXResourcesBuildPhase section */
		6003F588195388D20070C39A /* Resources */ = {
			isa = PBXResourcesBuildPhase;
			buildActionMask = 2147483647;
			files = (
				873B8AEB1B1F5CCA007FD442 /* Main.storyboard in Resources */,
				71719F9F1E33DC2100824A3D /* LaunchScreen.storyboard in Resources */,
				6003F5A9195388D20070C39A /* Images.xcassets in Resources */,
				6003F598195388D20070C39A /* InfoPlist.strings in Resources */,
			);
			runOnlyForDeploymentPostprocessing = 0;
		};
		6003F5AC195388D20070C39A /* Resources */ = {
			isa = PBXResourcesBuildPhase;
			buildActionMask = 2147483647;
			files = (
				6003F5BA195388D20070C39A /* InfoPlist.strings in Resources */,
			);
			runOnlyForDeploymentPostprocessing = 0;
		};
		8C0953B62851F69200022E5E /* Resources */ = {
			isa = PBXResourcesBuildPhase;
			buildActionMask = 2147483647;
			files = (
			);
			runOnlyForDeploymentPostprocessing = 0;
		};
		8C2F3C7E26A5629600612B29 /* Resources */ = {
			isa = PBXResourcesBuildPhase;
			buildActionMask = 2147483647;
			files = (
				8C9219DC26DDE01900D50EB4 /* Images.xcassets in Resources */,
				8C2F3C8F26A5629900612B29 /* LaunchScreen.storyboard in Resources */,
				8C2F3C8A26A5629600612B29 /* Main.storyboard in Resources */,
			);
			runOnlyForDeploymentPostprocessing = 0;
		};
/* End PBXResourcesBuildPhase section */

/* Begin PBXShellScriptBuildPhase section */
		341001A60CB8C139F1A81F92 /* [CP] Check Pods Manifest.lock */ = {
			isa = PBXShellScriptBuildPhase;
			buildActionMask = 2147483647;
			files = (
			);
			inputFileListPaths = (
			);
			inputPaths = (
				"${PODS_PODFILE_DIR_PATH}/Podfile.lock",
				"${PODS_ROOT}/Manifest.lock",
			);
			name = "[CP] Check Pods Manifest.lock";
			outputFileListPaths = (
			);
			outputPaths = (
				"$(DERIVED_FILE_DIR)/Pods-AZLExtendExampleSwift-checkManifestLockResult.txt",
			);
			runOnlyForDeploymentPostprocessing = 0;
			shellPath = /bin/sh;
			shellScript = "diff \"${PODS_PODFILE_DIR_PATH}/Podfile.lock\" \"${PODS_ROOT}/Manifest.lock\" > /dev/null\nif [ $? != 0 ] ; then\n    # print error to STDERR\n    echo \"error: The sandbox is not in sync with the Podfile.lock. Run 'pod install' or update your CocoaPods installation.\" >&2\n    exit 1\nfi\n# This output is used by Xcode 'outputs' to avoid re-running this script phase.\necho \"SUCCESS\" > \"${SCRIPT_OUTPUT_FILE_0}\"\n";
			showEnvVarsInLog = 0;
		};
		3CBB4376D80A1F82B48D76AB /* [CP] Check Pods Manifest.lock */ = {
			isa = PBXShellScriptBuildPhase;
			buildActionMask = 2147483647;
			files = (
			);
			inputFileListPaths = (
			);
			inputPaths = (
				"${PODS_PODFILE_DIR_PATH}/Podfile.lock",
				"${PODS_ROOT}/Manifest.lock",
			);
			name = "[CP] Check Pods Manifest.lock";
			outputFileListPaths = (
			);
			outputPaths = (
				"$(DERIVED_FILE_DIR)/Pods-AZLExtend_Tests-checkManifestLockResult.txt",
			);
			runOnlyForDeploymentPostprocessing = 0;
			shellPath = /bin/sh;
			shellScript = "diff \"${PODS_PODFILE_DIR_PATH}/Podfile.lock\" \"${PODS_ROOT}/Manifest.lock\" > /dev/null\nif [ $? != 0 ] ; then\n    # print error to STDERR\n    echo \"error: The sandbox is not in sync with the Podfile.lock. Run 'pod install' or update your CocoaPods installation.\" >&2\n    exit 1\nfi\n# This output is used by Xcode 'outputs' to avoid re-running this script phase.\necho \"SUCCESS\" > \"${SCRIPT_OUTPUT_FILE_0}\"\n";
			showEnvVarsInLog = 0;
		};
		64AF8A9C981E9D9A9FA35422 /* [CP] Embed Pods Frameworks */ = {
			isa = PBXShellScriptBuildPhase;
			buildActionMask = 2147483647;
			files = (
			);
			inputPaths = (
				"${PODS_ROOT}/Target Support Files/Pods-AZLExtendExampleSwift/Pods-AZLExtendExampleSwift-frameworks.sh",
				"${BUILT_PRODUCTS_DIR}/AZLExtendSwift/AZLExtendSwift.framework",
			);
			name = "[CP] Embed Pods Frameworks";
			outputPaths = (
				"${TARGET_BUILD_DIR}/${FRAMEWORKS_FOLDER_PATH}/AZLExtendSwift.framework",
			);
			runOnlyForDeploymentPostprocessing = 0;
			shellPath = /bin/sh;
			shellScript = "\"${PODS_ROOT}/Target Support Files/Pods-AZLExtendExampleSwift/Pods-AZLExtendExampleSwift-frameworks.sh\"\n";
			showEnvVarsInLog = 0;
		};
		7E6956E1380F72C7F38C4FB5 /* [CP] Check Pods Manifest.lock */ = {
			isa = PBXShellScriptBuildPhase;
			buildActionMask = 2147483647;
			files = (
			);
			inputFileListPaths = (
			);
			inputPaths = (
				"${PODS_PODFILE_DIR_PATH}/Podfile.lock",
				"${PODS_ROOT}/Manifest.lock",
			);
			name = "[CP] Check Pods Manifest.lock";
			outputFileListPaths = (
			);
			outputPaths = (
				"$(DERIVED_FILE_DIR)/Pods-AZLExtendExampleSwiftTests-checkManifestLockResult.txt",
			);
			runOnlyForDeploymentPostprocessing = 0;
			shellPath = /bin/sh;
			shellScript = "diff \"${PODS_PODFILE_DIR_PATH}/Podfile.lock\" \"${PODS_ROOT}/Manifest.lock\" > /dev/null\nif [ $? != 0 ] ; then\n    # print error to STDERR\n    echo \"error: The sandbox is not in sync with the Podfile.lock. Run 'pod install' or update your CocoaPods installation.\" >&2\n    exit 1\nfi\n# This output is used by Xcode 'outputs' to avoid re-running this script phase.\necho \"SUCCESS\" > \"${SCRIPT_OUTPUT_FILE_0}\"\n";
			showEnvVarsInLog = 0;
		};
		CED0DF008199F3028B740B5D /* [CP] Check Pods Manifest.lock */ = {
			isa = PBXShellScriptBuildPhase;
			buildActionMask = 2147483647;
			files = (
			);
			inputFileListPaths = (
			);
			inputPaths = (
				"${PODS_PODFILE_DIR_PATH}/Podfile.lock",
				"${PODS_ROOT}/Manifest.lock",
			);
			name = "[CP] Check Pods Manifest.lock";
			outputFileListPaths = (
			);
			outputPaths = (
				"$(DERIVED_FILE_DIR)/Pods-AZLExtend_Example-checkManifestLockResult.txt",
			);
			runOnlyForDeploymentPostprocessing = 0;
			shellPath = /bin/sh;
			shellScript = "diff \"${PODS_PODFILE_DIR_PATH}/Podfile.lock\" \"${PODS_ROOT}/Manifest.lock\" > /dev/null\nif [ $? != 0 ] ; then\n    # print error to STDERR\n    echo \"error: The sandbox is not in sync with the Podfile.lock. Run 'pod install' or update your CocoaPods installation.\" >&2\n    exit 1\nfi\n# This output is used by Xcode 'outputs' to avoid re-running this script phase.\necho \"SUCCESS\" > \"${SCRIPT_OUTPUT_FILE_0}\"\n";
			showEnvVarsInLog = 0;
		};
		E3C9138D558031F1F877C874 /* [CP] Embed Pods Frameworks */ = {
			isa = PBXShellScriptBuildPhase;
			buildActionMask = 2147483647;
			files = (
			);
			inputPaths = (
				"${PODS_ROOT}/Target Support Files/Pods-AZLExtend_Example/Pods-AZLExtend_Example-frameworks.sh",
				"${BUILT_PRODUCTS_DIR}/AZLExtend/AZLExtend.framework",
			);
			name = "[CP] Embed Pods Frameworks";
			outputPaths = (
				"${TARGET_BUILD_DIR}/${FRAMEWORKS_FOLDER_PATH}/AZLExtend.framework",
			);
			runOnlyForDeploymentPostprocessing = 0;
			shellPath = /bin/sh;
			shellScript = "\"${PODS_ROOT}/Target Support Files/Pods-AZLExtend_Example/Pods-AZLExtend_Example-frameworks.sh\"\n";
			showEnvVarsInLog = 0;
		};
/* End PBXShellScriptBuildPhase section */

/* Begin PBXSourcesBuildPhase section */
		6003F586195388D20070C39A /* Sources */ = {
			isa = PBXSourcesBuildPhase;
			buildActionMask = 2147483647;
			files = (
				6003F59E195388D20070C39A /* AZLAppDelegate.m in Sources */,
				6003F5A7195388D20070C39A /* AZLViewController.m in Sources */,
				6003F59A195388D20070C39A /* main.m in Sources */,
			);
			runOnlyForDeploymentPostprocessing = 0;
		};
		6003F5AA195388D20070C39A /* Sources */ = {
			isa = PBXSourcesBuildPhase;
			buildActionMask = 2147483647;
			files = (
				6003F5BC195388D20070C39A /* Tests.m in Sources */,
			);
			runOnlyForDeploymentPostprocessing = 0;
		};
		8C0953B42851F69200022E5E /* Sources */ = {
			isa = PBXSourcesBuildPhase;
			buildActionMask = 2147483647;
			files = (
				8C0F58462852DE54002D23AE /* AZLDoubleTests.swift in Sources */,
				8C0F58482852DF41002D23AE /* AZLIntTests.swift in Sources */,
				8C0953C22851F6BE00022E5E /* AZLStringTests.swift in Sources */,
				8CE853EF2859B385004811E6 /* AZLCodableTests.swift in Sources */,
				8C0F58442852DDC9002D23AE /* AZLDataTests.swift in Sources */,
				8C0F584A2852E065002D23AE /* AZLRawPointerTests.swift in Sources */,
				8C0F584C2852E992002D23AE /* AZLNSObjectTests.swift in Sources */,
				8C0F58512852F89A002D23AE /* MyTestObject.swift in Sources */,
				8C0F585328531B5A002D23AE /* AZLUIColorTests.swift in Sources */,
			);
			runOnlyForDeploymentPostprocessing = 0;
		};
		8C2F3C7C26A5629600612B29 /* Sources */ = {
			isa = PBXSourcesBuildPhase;
			buildActionMask = 2147483647;
			files = (
				8C2F3C8726A5629600612B29 /* ViewController.swift in Sources */,
				8C2F3C8326A5629600612B29 /* AppDelegate.swift in Sources */,
				8C2F3C8526A5629600612B29 /* SceneDelegate.swift in Sources */,
				8C10AA8F26DF29E800B78443 /* TestResponderViewController.swift in Sources */,
			);
			runOnlyForDeploymentPostprocessing = 0;
		};
/* End PBXSourcesBuildPhase section */

/* Begin PBXTargetDependency section */
		6003F5B4195388D20070C39A /* PBXTargetDependency */ = {
			isa = PBXTargetDependency;
			target = 6003F589195388D20070C39A /* AZLExtend_Example */;
			targetProxy = 6003F5B3195388D20070C39A /* PBXContainerItemProxy */;
		};
		8C0953BD2851F69300022E5E /* PBXTargetDependency */ = {
			isa = PBXTargetDependency;
			target = 8C2F3C7F26A5629600612B29 /* AZLExtendExampleSwift */;
			targetProxy = 8C0953BC2851F69300022E5E /* PBXContainerItemProxy */;
		};
/* End PBXTargetDependency section */

/* Begin PBXVariantGroup section */
		6003F596195388D20070C39A /* InfoPlist.strings */ = {
			isa = PBXVariantGroup;
			children = (
				6003F597195388D20070C39A /* en */,
			);
			name = InfoPlist.strings;
			sourceTree = "<group>";
		};
		6003F5B8195388D20070C39A /* InfoPlist.strings */ = {
			isa = PBXVariantGroup;
			children = (
				6003F5B9195388D20070C39A /* en */,
			);
			name = InfoPlist.strings;
			sourceTree = "<group>";
		};
		71719F9D1E33DC2100824A3D /* LaunchScreen.storyboard */ = {
			isa = PBXVariantGroup;
			children = (
				71719F9E1E33DC2100824A3D /* Base */,
			);
			name = LaunchScreen.storyboard;
			sourceTree = "<group>";
		};
		8C2F3C8826A5629600612B29 /* Main.storyboard */ = {
			isa = PBXVariantGroup;
			children = (
				8C2F3C8926A5629600612B29 /* Base */,
			);
			name = Main.storyboard;
			sourceTree = "<group>";
		};
		8C2F3C8D26A5629900612B29 /* LaunchScreen.storyboard */ = {
			isa = PBXVariantGroup;
			children = (
				8C2F3C8E26A5629900612B29 /* Base */,
			);
			name = LaunchScreen.storyboard;
			sourceTree = "<group>";
		};
/* End PBXVariantGroup section */

/* Begin XCBuildConfiguration section */
		6003F5BD195388D20070C39A /* Debug */ = {
			isa = XCBuildConfiguration;
			buildSettings = {
				ALWAYS_SEARCH_USER_PATHS = NO;
				CLANG_CXX_LANGUAGE_STANDARD = "gnu++0x";
				CLANG_CXX_LIBRARY = "libc++";
				CLANG_ENABLE_MODULES = YES;
				CLANG_ENABLE_OBJC_ARC = YES;
				CLANG_WARN_BOOL_CONVERSION = YES;
				CLANG_WARN_CONSTANT_CONVERSION = YES;
				CLANG_WARN_DIRECT_OBJC_ISA_USAGE = YES_ERROR;
				CLANG_WARN_EMPTY_BODY = YES;
				CLANG_WARN_ENUM_CONVERSION = YES;
				CLANG_WARN_INT_CONVERSION = YES;
				CLANG_WARN_OBJC_ROOT_CLASS = YES_ERROR;
				CLANG_WARN__DUPLICATE_METHOD_MATCH = YES;
				"CODE_SIGN_IDENTITY[sdk=iphoneos*]" = "iPhone Developer";
				COPY_PHASE_STRIP = NO;
				ENABLE_TESTABILITY = YES;
				GCC_C_LANGUAGE_STANDARD = gnu99;
				GCC_DYNAMIC_NO_PIC = NO;
				GCC_OPTIMIZATION_LEVEL = 0;
				GCC_PREPROCESSOR_DEFINITIONS = (
					"DEBUG=1",
					"$(inherited)",
				);
				GCC_SYMBOLS_PRIVATE_EXTERN = NO;
				GCC_WARN_64_TO_32_BIT_CONVERSION = YES;
				GCC_WARN_ABOUT_RETURN_TYPE = YES_ERROR;
				GCC_WARN_UNDECLARED_SELECTOR = YES;
				GCC_WARN_UNINITIALIZED_AUTOS = YES_AGGRESSIVE;
				GCC_WARN_UNUSED_FUNCTION = YES;
				GCC_WARN_UNUSED_VARIABLE = YES;
				IPHONEOS_DEPLOYMENT_TARGET = 10.0;
				ONLY_ACTIVE_ARCH = YES;
				SDKROOT = iphoneos;
				TARGETED_DEVICE_FAMILY = "1,2";
			};
			name = Debug;
		};
		6003F5BE195388D20070C39A /* Release */ = {
			isa = XCBuildConfiguration;
			buildSettings = {
				ALWAYS_SEARCH_USER_PATHS = NO;
				CLANG_CXX_LANGUAGE_STANDARD = "gnu++0x";
				CLANG_CXX_LIBRARY = "libc++";
				CLANG_ENABLE_MODULES = YES;
				CLANG_ENABLE_OBJC_ARC = YES;
				CLANG_WARN_BOOL_CONVERSION = YES;
				CLANG_WARN_CONSTANT_CONVERSION = YES;
				CLANG_WARN_DIRECT_OBJC_ISA_USAGE = YES_ERROR;
				CLANG_WARN_EMPTY_BODY = YES;
				CLANG_WARN_ENUM_CONVERSION = YES;
				CLANG_WARN_INT_CONVERSION = YES;
				CLANG_WARN_OBJC_ROOT_CLASS = YES_ERROR;
				CLANG_WARN__DUPLICATE_METHOD_MATCH = YES;
				"CODE_SIGN_IDENTITY[sdk=iphoneos*]" = "iPhone Developer";
				COPY_PHASE_STRIP = YES;
				ENABLE_NS_ASSERTIONS = NO;
				GCC_C_LANGUAGE_STANDARD = gnu99;
				GCC_WARN_64_TO_32_BIT_CONVERSION = YES;
				GCC_WARN_ABOUT_RETURN_TYPE = YES_ERROR;
				GCC_WARN_UNDECLARED_SELECTOR = YES;
				GCC_WARN_UNINITIALIZED_AUTOS = YES_AGGRESSIVE;
				GCC_WARN_UNUSED_FUNCTION = YES;
				GCC_WARN_UNUSED_VARIABLE = YES;
				IPHONEOS_DEPLOYMENT_TARGET = 10.0;
				SDKROOT = iphoneos;
				TARGETED_DEVICE_FAMILY = "1,2";
				VALIDATE_PRODUCT = YES;
			};
			name = Release;
		};
		6003F5C0195388D20070C39A /* Debug */ = {
			isa = XCBuildConfiguration;
			baseConfigurationReference = BF0794C71EBC072C4E00E7E3 /* Pods-AZLExtend_Example.debug.xcconfig */;
			buildSettings = {
				ASSETCATALOG_COMPILER_APPICON_NAME = AppIcon;
				GCC_PRECOMPILE_PREFIX_HEADER = YES;
				GCC_PREFIX_HEADER = "AZLExtend/AZLExtend-Prefix.pch";
				INFOPLIST_FILE = "AZLExtend/AZLExtend-Info.plist";
				MODULE_NAME = ExampleApp;
				PRODUCT_BUNDLE_IDENTIFIER = "org.cocoapods.demo.${PRODUCT_NAME:rfc1034identifier}";
				PRODUCT_NAME = "$(TARGET_NAME)";
				SWIFT_VERSION = 4.0;
				WRAPPER_EXTENSION = app;
			};
			name = Debug;
		};
		6003F5C1195388D20070C39A /* Release */ = {
			isa = XCBuildConfiguration;
			baseConfigurationReference = 8B0567C7A9BC2BC14C2E1DF8 /* Pods-AZLExtend_Example.release.xcconfig */;
			buildSettings = {
				ASSETCATALOG_COMPILER_APPICON_NAME = AppIcon;
				GCC_PRECOMPILE_PREFIX_HEADER = YES;
				GCC_PREFIX_HEADER = "AZLExtend/AZLExtend-Prefix.pch";
				INFOPLIST_FILE = "AZLExtend/AZLExtend-Info.plist";
				MODULE_NAME = ExampleApp;
				PRODUCT_BUNDLE_IDENTIFIER = "org.cocoapods.demo.${PRODUCT_NAME:rfc1034identifier}";
				PRODUCT_NAME = "$(TARGET_NAME)";
				SWIFT_VERSION = 4.0;
				WRAPPER_EXTENSION = app;
			};
			name = Release;
		};
		6003F5C3195388D20070C39A /* Debug */ = {
			isa = XCBuildConfiguration;
			baseConfigurationReference = E6ED2FE8FDF92360797331D3 /* Pods-AZLExtend_Tests.debug.xcconfig */;
			buildSettings = {
				BUNDLE_LOADER = "$(TEST_HOST)";
				FRAMEWORK_SEARCH_PATHS = (
					"$(PLATFORM_DIR)/Developer/Library/Frameworks",
					"$(inherited)",
					"$(DEVELOPER_FRAMEWORKS_DIR)",
				);
				GCC_PRECOMPILE_PREFIX_HEADER = YES;
				GCC_PREFIX_HEADER = "Tests/Tests-Prefix.pch";
				GCC_PREPROCESSOR_DEFINITIONS = (
					"DEBUG=1",
					"$(inherited)",
				);
				INFOPLIST_FILE = "Tests/Tests-Info.plist";
				PRODUCT_BUNDLE_IDENTIFIER = "org.cocoapods.demo.${PRODUCT_NAME:rfc1034identifier}";
				PRODUCT_NAME = "$(TARGET_NAME)";
				SWIFT_VERSION = 4.0;
				TEST_HOST = "$(BUILT_PRODUCTS_DIR)/AZLExtend_Example.app/AZLExtend_Example";
				WRAPPER_EXTENSION = xctest;
			};
			name = Debug;
		};
		6003F5C4195388D20070C39A /* Release */ = {
			isa = XCBuildConfiguration;
			baseConfigurationReference = 8DD66B5A4D6E125E860EC9A6 /* Pods-AZLExtend_Tests.release.xcconfig */;
			buildSettings = {
				BUNDLE_LOADER = "$(TEST_HOST)";
				FRAMEWORK_SEARCH_PATHS = (
					"$(PLATFORM_DIR)/Developer/Library/Frameworks",
					"$(inherited)",
					"$(DEVELOPER_FRAMEWORKS_DIR)",
				);
				GCC_PRECOMPILE_PREFIX_HEADER = YES;
				GCC_PREFIX_HEADER = "Tests/Tests-Prefix.pch";
				INFOPLIST_FILE = "Tests/Tests-Info.plist";
				PRODUCT_BUNDLE_IDENTIFIER = "org.cocoapods.demo.${PRODUCT_NAME:rfc1034identifier}";
				PRODUCT_NAME = "$(TARGET_NAME)";
				SWIFT_VERSION = 4.0;
				TEST_HOST = "$(BUILT_PRODUCTS_DIR)/AZLExtend_Example.app/AZLExtend_Example";
				WRAPPER_EXTENSION = xctest;
			};
			name = Release;
		};
		8C0953BE2851F69300022E5E /* Debug */ = {
			isa = XCBuildConfiguration;
			baseConfigurationReference = 725016BC731A33C202E910FE /* Pods-AZLExtendExampleSwiftTests.debug.xcconfig */;
			buildSettings = {
				BUNDLE_LOADER = "$(TEST_HOST)";
				CLANG_ANALYZER_NONNULL = YES;
				CLANG_ANALYZER_NUMBER_OBJECT_CONVERSION = YES_AGGRESSIVE;
				CLANG_CXX_LANGUAGE_STANDARD = "gnu++17";
				CLANG_ENABLE_OBJC_WEAK = YES;
				CLANG_WARN_BLOCK_CAPTURE_AUTORELEASING = YES;
				CLANG_WARN_COMMA = YES;
				CLANG_WARN_DEPRECATED_OBJC_IMPLEMENTATIONS = YES;
				CLANG_WARN_DOCUMENTATION_COMMENTS = YES;
				CLANG_WARN_INFINITE_RECURSION = YES;
				CLANG_WARN_NON_LITERAL_NULL_CONVERSION = YES;
				CLANG_WARN_OBJC_IMPLICIT_RETAIN_SELF = YES;
				CLANG_WARN_OBJC_LITERAL_CONVERSION = YES;
				CLANG_WARN_QUOTED_INCLUDE_IN_FRAMEWORK_HEADER = YES;
				CLANG_WARN_RANGE_LOOP_ANALYSIS = YES;
				CLANG_WARN_STRICT_PROTOTYPES = YES;
				CLANG_WARN_SUSPICIOUS_MOVE = YES;
				CLANG_WARN_UNGUARDED_AVAILABILITY = YES_AGGRESSIVE;
				CLANG_WARN_UNREACHABLE_CODE = YES;
				CODE_SIGN_STYLE = Automatic;
				CURRENT_PROJECT_VERSION = 1;
				DEBUG_INFORMATION_FORMAT = dwarf;
				DEVELOPMENT_TEAM = 9N64Q9SP7U;
				ENABLE_STRICT_OBJC_MSGSEND = YES;
				GCC_C_LANGUAGE_STANDARD = gnu11;
				GCC_NO_COMMON_BLOCKS = YES;
				GENERATE_INFOPLIST_FILE = YES;
				IPHONEOS_DEPLOYMENT_TARGET = 15.2;
				MARKETING_VERSION = 1.0;
				MTL_ENABLE_DEBUG_INFO = INCLUDE_SOURCE;
				MTL_FAST_MATH = YES;
				PRODUCT_BUNDLE_IDENTIFIER = com.ks.bussiness.test.AZLExtendExampleSwiftTests;
				PRODUCT_NAME = "$(TARGET_NAME)";
				SWIFT_ACTIVE_COMPILATION_CONDITIONS = DEBUG;
				SWIFT_EMIT_LOC_STRINGS = NO;
				SWIFT_OPTIMIZATION_LEVEL = "-Onone";
				SWIFT_VERSION = 5.0;
				TARGETED_DEVICE_FAMILY = "1,2";
				TEST_HOST = "$(BUILT_PRODUCTS_DIR)/AZLExtendExampleSwift.app/AZLExtendExampleSwift";
			};
			name = Debug;
		};
		8C0953BF2851F69300022E5E /* Release */ = {
			isa = XCBuildConfiguration;
			baseConfigurationReference = F1E67308B2989E4E5A66E98C /* Pods-AZLExtendExampleSwiftTests.release.xcconfig */;
			buildSettings = {
				BUNDLE_LOADER = "$(TEST_HOST)";
				CLANG_ANALYZER_NONNULL = YES;
				CLANG_ANALYZER_NUMBER_OBJECT_CONVERSION = YES_AGGRESSIVE;
				CLANG_CXX_LANGUAGE_STANDARD = "gnu++17";
				CLANG_ENABLE_OBJC_WEAK = YES;
				CLANG_WARN_BLOCK_CAPTURE_AUTORELEASING = YES;
				CLANG_WARN_COMMA = YES;
				CLANG_WARN_DEPRECATED_OBJC_IMPLEMENTATIONS = YES;
				CLANG_WARN_DOCUMENTATION_COMMENTS = YES;
				CLANG_WARN_INFINITE_RECURSION = YES;
				CLANG_WARN_NON_LITERAL_NULL_CONVERSION = YES;
				CLANG_WARN_OBJC_IMPLICIT_RETAIN_SELF = YES;
				CLANG_WARN_OBJC_LITERAL_CONVERSION = YES;
				CLANG_WARN_QUOTED_INCLUDE_IN_FRAMEWORK_HEADER = YES;
				CLANG_WARN_RANGE_LOOP_ANALYSIS = YES;
				CLANG_WARN_STRICT_PROTOTYPES = YES;
				CLANG_WARN_SUSPICIOUS_MOVE = YES;
				CLANG_WARN_UNGUARDED_AVAILABILITY = YES_AGGRESSIVE;
				CLANG_WARN_UNREACHABLE_CODE = YES;
				CODE_SIGN_STYLE = Automatic;
				COPY_PHASE_STRIP = NO;
				CURRENT_PROJECT_VERSION = 1;
				DEBUG_INFORMATION_FORMAT = "dwarf-with-dsym";
				DEVELOPMENT_TEAM = 9N64Q9SP7U;
				ENABLE_STRICT_OBJC_MSGSEND = YES;
				GCC_C_LANGUAGE_STANDARD = gnu11;
				GCC_NO_COMMON_BLOCKS = YES;
				GENERATE_INFOPLIST_FILE = YES;
				IPHONEOS_DEPLOYMENT_TARGET = 15.2;
				MARKETING_VERSION = 1.0;
				MTL_ENABLE_DEBUG_INFO = NO;
				MTL_FAST_MATH = YES;
				PRODUCT_BUNDLE_IDENTIFIER = com.ks.bussiness.test.AZLExtendExampleSwiftTests;
				PRODUCT_NAME = "$(TARGET_NAME)";
				SWIFT_EMIT_LOC_STRINGS = NO;
				SWIFT_OPTIMIZATION_LEVEL = "-Owholemodule";
				SWIFT_VERSION = 5.0;
				TARGETED_DEVICE_FAMILY = "1,2";
				TEST_HOST = "$(BUILT_PRODUCTS_DIR)/AZLExtendExampleSwift.app/AZLExtendExampleSwift";
			};
			name = Release;
		};
		8C2F3C9126A5629900612B29 /* Debug */ = {
			isa = XCBuildConfiguration;
			baseConfigurationReference = 03C6FB3D0C44335932594F43 /* Pods-AZLExtendExampleSwift.debug.xcconfig */;
			buildSettings = {
				ASSETCATALOG_COMPILER_APPICON_NAME = AppIcon;
				ASSETCATALOG_COMPILER_GLOBAL_ACCENT_COLOR_NAME = AccentColor;
				CLANG_ANALYZER_NONNULL = YES;
				CLANG_ANALYZER_NUMBER_OBJECT_CONVERSION = YES_AGGRESSIVE;
				CLANG_CXX_LANGUAGE_STANDARD = "gnu++14";
				CLANG_ENABLE_OBJC_WEAK = YES;
				CLANG_WARN_BLOCK_CAPTURE_AUTORELEASING = YES;
				CLANG_WARN_COMMA = YES;
				CLANG_WARN_DEPRECATED_OBJC_IMPLEMENTATIONS = YES;
				CLANG_WARN_DOCUMENTATION_COMMENTS = YES;
				CLANG_WARN_INFINITE_RECURSION = YES;
				CLANG_WARN_NON_LITERAL_NULL_CONVERSION = YES;
				CLANG_WARN_OBJC_IMPLICIT_RETAIN_SELF = YES;
				CLANG_WARN_OBJC_LITERAL_CONVERSION = YES;
				CLANG_WARN_QUOTED_INCLUDE_IN_FRAMEWORK_HEADER = YES;
				CLANG_WARN_RANGE_LOOP_ANALYSIS = YES;
				CLANG_WARN_STRICT_PROTOTYPES = YES;
				CLANG_WARN_SUSPICIOUS_MOVE = YES;
				CLANG_WARN_UNGUARDED_AVAILABILITY = YES_AGGRESSIVE;
				CLANG_WARN_UNREACHABLE_CODE = YES;
				CODE_SIGN_STYLE = Automatic;
				DEBUG_INFORMATION_FORMAT = dwarf;
				DEVELOPMENT_TEAM = 9N64Q9SP7U;
				ENABLE_STRICT_OBJC_MSGSEND = YES;
				GCC_C_LANGUAGE_STANDARD = gnu11;
				GCC_NO_COMMON_BLOCKS = YES;
				INFOPLIST_FILE = AZLExtendExampleSwift/Info.plist;
				IPHONEOS_DEPLOYMENT_TARGET = 14.0;
				LD_RUNPATH_SEARCH_PATHS = "$(inherited) @executable_path/Frameworks";
				MTL_ENABLE_DEBUG_INFO = INCLUDE_SOURCE;
				MTL_FAST_MATH = YES;
				PRODUCT_BUNDLE_IDENTIFIER = com.azl.AZLExtendExampleSwift;
				PRODUCT_NAME = "$(TARGET_NAME)";
				SWIFT_ACTIVE_COMPILATION_CONDITIONS = DEBUG;
				SWIFT_OPTIMIZATION_LEVEL = "-Onone";
				SWIFT_VERSION = 5.0;
				TARGETED_DEVICE_FAMILY = "1,2";
			};
			name = Debug;
		};
		8C2F3C9226A5629900612B29 /* Release */ = {
			isa = XCBuildConfiguration;
			baseConfigurationReference = 1EB8AF63216FE015926F591B /* Pods-AZLExtendExampleSwift.release.xcconfig */;
			buildSettings = {
				ASSETCATALOG_COMPILER_APPICON_NAME = AppIcon;
				ASSETCATALOG_COMPILER_GLOBAL_ACCENT_COLOR_NAME = AccentColor;
				CLANG_ANALYZER_NONNULL = YES;
				CLANG_ANALYZER_NUMBER_OBJECT_CONVERSION = YES_AGGRESSIVE;
				CLANG_CXX_LANGUAGE_STANDARD = "gnu++14";
				CLANG_ENABLE_OBJC_WEAK = YES;
				CLANG_WARN_BLOCK_CAPTURE_AUTORELEASING = YES;
				CLANG_WARN_COMMA = YES;
				CLANG_WARN_DEPRECATED_OBJC_IMPLEMENTATIONS = YES;
				CLANG_WARN_DOCUMENTATION_COMMENTS = YES;
				CLANG_WARN_INFINITE_RECURSION = YES;
				CLANG_WARN_NON_LITERAL_NULL_CONVERSION = YES;
				CLANG_WARN_OBJC_IMPLICIT_RETAIN_SELF = YES;
				CLANG_WARN_OBJC_LITERAL_CONVERSION = YES;
				CLANG_WARN_QUOTED_INCLUDE_IN_FRAMEWORK_HEADER = YES;
				CLANG_WARN_RANGE_LOOP_ANALYSIS = YES;
				CLANG_WARN_STRICT_PROTOTYPES = YES;
				CLANG_WARN_SUSPICIOUS_MOVE = YES;
				CLANG_WARN_UNGUARDED_AVAILABILITY = YES_AGGRESSIVE;
				CLANG_WARN_UNREACHABLE_CODE = YES;
				CODE_SIGN_STYLE = Automatic;
				COPY_PHASE_STRIP = NO;
				DEBUG_INFORMATION_FORMAT = "dwarf-with-dsym";
				DEVELOPMENT_TEAM = 9N64Q9SP7U;
				ENABLE_STRICT_OBJC_MSGSEND = YES;
				GCC_C_LANGUAGE_STANDARD = gnu11;
				GCC_NO_COMMON_BLOCKS = YES;
				INFOPLIST_FILE = AZLExtendExampleSwift/Info.plist;
				IPHONEOS_DEPLOYMENT_TARGET = 14.0;
				LD_RUNPATH_SEARCH_PATHS = "$(inherited) @executable_path/Frameworks";
				MTL_ENABLE_DEBUG_INFO = NO;
				MTL_FAST_MATH = YES;
				PRODUCT_BUNDLE_IDENTIFIER = com.azl.AZLExtendExampleSwift;
				PRODUCT_NAME = "$(TARGET_NAME)";
				SWIFT_OPTIMIZATION_LEVEL = "-Owholemodule";
				SWIFT_VERSION = 5.0;
				TARGETED_DEVICE_FAMILY = "1,2";
			};
			name = Release;
		};
/* End XCBuildConfiguration section */

/* Begin XCConfigurationList section */
		6003F585195388D10070C39A /* Build configuration list for PBXProject "AZLExtend" */ = {
			isa = XCConfigurationList;
			buildConfigurations = (
				6003F5BD195388D20070C39A /* Debug */,
				6003F5BE195388D20070C39A /* Release */,
			);
			defaultConfigurationIsVisible = 0;
			defaultConfigurationName = Release;
		};
		6003F5BF195388D20070C39A /* Build configuration list for PBXNativeTarget "AZLExtend_Example" */ = {
			isa = XCConfigurationList;
			buildConfigurations = (
				6003F5C0195388D20070C39A /* Debug */,
				6003F5C1195388D20070C39A /* Release */,
			);
			defaultConfigurationIsVisible = 0;
			defaultConfigurationName = Release;
		};
		6003F5C2195388D20070C39A /* Build configuration list for PBXNativeTarget "AZLExtend_Tests" */ = {
			isa = XCConfigurationList;
			buildConfigurations = (
				6003F5C3195388D20070C39A /* Debug */,
				6003F5C4195388D20070C39A /* Release */,
			);
			defaultConfigurationIsVisible = 0;
			defaultConfigurationName = Release;
		};
		8C0953C02851F69300022E5E /* Build configuration list for PBXNativeTarget "AZLExtendExampleSwiftTests" */ = {
			isa = XCConfigurationList;
			buildConfigurations = (
				8C0953BE2851F69300022E5E /* Debug */,
				8C0953BF2851F69300022E5E /* Release */,
			);
			defaultConfigurationIsVisible = 0;
			defaultConfigurationName = Release;
		};
		8C2F3C9326A5629900612B29 /* Build configuration list for PBXNativeTarget "AZLExtendExampleSwift" */ = {
			isa = XCConfigurationList;
			buildConfigurations = (
				8C2F3C9126A5629900612B29 /* Debug */,
				8C2F3C9226A5629900612B29 /* Release */,
			);
			defaultConfigurationIsVisible = 0;
			defaultConfigurationName = Release;
		};
/* End XCConfigurationList section */
	};
	rootObject = 6003F582195388D10070C39A /* Project object */;
}
